// !$*UTF8*$!
{
	archiveVersion = 1;
	classes = {
	};
	objectVersion = 50;
	objects = {

/* Begin PBXBuildFile section */
		E79CC509223A8761003C6313 /* AppDelegate.swift in Sources */ = {isa = PBXBuildFile; fileRef = E79CC508223A8761003C6313 /* AppDelegate.swift */; };
		E79CC50B223A8761003C6313 /* ViewController.swift in Sources */ = {isa = PBXBuildFile; fileRef = E79CC50A223A8761003C6313 /* ViewController.swift */; };
		E79CC50E223A8761003C6313 /* Main.storyboard in Resources */ = {isa = PBXBuildFile; fileRef = E79CC50C223A8761003C6313 /* Main.storyboard */; };
		E79CC510223A8762003C6313 /* Assets.xcassets in Resources */ = {isa = PBXBuildFile; fileRef = E79CC50F223A8762003C6313 /* Assets.xcassets */; };
		E79CC513223A8762003C6313 /* LaunchScreen.storyboard in Resources */ = {isa = PBXBuildFile; fileRef = E79CC511223A8762003C6313 /* LaunchScreen.storyboard */; };
		E79CC51B223A87B5003C6313 /* Employee.swift in Sources */ = {isa = PBXBuildFile; fileRef = E79CC51A223A87B5003C6313 /* Employee.swift */; };
/* End PBXBuildFile section */

/* Begin PBXFileReference section */
		E79CC505223A8761003C6313 /* Employee Database.app */ = {isa = PBXFileReference; explicitFileType = wrapper.application; includeInIndex = 0; path = "Employee Database.app"; sourceTree = BUILT_PRODUCTS_DIR; };
		E79CC508223A8761003C6313 /* AppDelegate.swift */ = {isa = PBXFileReference; lastKnownFileType = sourcecode.swift; path = AppDelegate.swift; sourceTree = "<group>"; };
		E79CC50A223A8761003C6313 /* ViewController.swift */ = {isa = PBXFileReference; lastKnownFileType = sourcecode.swift; path = ViewController.swift; sourceTree = "<group>"; };
		E79CC50D223A8761003C6313 /* Base */ = {isa = PBXFileReference; lastKnownFileType = file.storyboard; name = Base; path = Base.lproj/Main.storyboard; sourceTree = "<group>"; };
		E79CC50F223A8762003C6313 /* Assets.xcassets */ = {isa = PBXFileReference; lastKnownFileType = folder.assetcatalog; path = Assets.xcassets; sourceTree = "<group>"; };
		E79CC512223A8762003C6313 /* Base */ = {isa = PBXFileReference; lastKnownFileType = file.storyboard; name = Base; path = Base.lproj/LaunchScreen.storyboard; sourceTree = "<group>"; };
		E79CC514223A8762003C6313 /* Info.plist */ = {isa = PBXFileReference; lastKnownFileType = text.plist.xml; path = Info.plist; sourceTree = "<group>"; };
		E79CC51A223A87B5003C6313 /* Employee.swift */ = {isa = PBXFileReference; lastKnownFileType = sourcecode.swift; path = Employee.swift; sourceTree = "<group>"; };
/* End PBXFileReference section */

/* Begin PBXFrameworksBuildPhase section */
		E79CC502223A8761003C6313 /* Frameworks */ = {
			isa = PBXFrameworksBuildPhase;
			buildActionMask = 2147483647;
			files = (
			);
			runOnlyForDeploymentPostprocessing = 0;
		};
/* End PBXFrameworksBuildPhase section */

/* Begin PBXGroup section */
		E79CC4FC223A8761003C6313 = {
			isa = PBXGroup;
			children = (
				E79CC507223A8761003C6313 /* Employee Database */,
				E79CC506223A8761003C6313 /* Products */,
			);
			sourceTree = "<group>";
		};
		E79CC506223A8761003C6313 /* Products */ = {
			isa = PBXGroup;
			children = (
				E79CC505223A8761003C6313 /* Employee Database.app */,
			);
			name = Products;
			sourceTree = "<group>";
		};
		E79CC507223A8761003C6313 /* Employee Database */ = {
			isa = PBXGroup;
			children = (
				E79CC508223A8761003C6313 /* AppDelegate.swift */,
				E79CC50A223A8761003C6313 /* ViewController.swift */,
				E79CC50C223A8761003C6313 /* Main.storyboard */,
				E79CC50F223A8762003C6313 /* Assets.xcassets */,
				E79CC511223A8762003C6313 /* LaunchScreen.storyboard */,
				E79CC514223A8762003C6313 /* Info.plist */,
				E79CC51A223A87B5003C6313 /* Employee.swift */,
			);
			path = "Employee Database";
			sourceTree = "<group>";
		};
/* End PBXGroup section */

/* Begin PBXNativeTarget section */
		E79CC504223A8761003C6313 /* Employee Database */ = {
			isa = PBXNativeTarget;
			buildConfigurationList = E79CC517223A8762003C6313 /* Build configuration list for PBXNativeTarget "Employee Database" */;
			buildPhases = (
				E79CC501223A8761003C6313 /* Sources */,
				E79CC502223A8761003C6313 /* Frameworks */,
				E79CC503223A8761003C6313 /* Resources */,
			);
			buildRules = (
			);
			dependencies = (
			);
			name = "Employee Database";
			productName = "Employee Database";
			productReference = E79CC505223A8761003C6313 /* Employee Database.app */;
			productType = "com.apple.product-type.application";
		};
/* End PBXNativeTarget section */

/* Begin PBXProject section */
		E79CC4FD223A8761003C6313 /* Project object */ = {
			isa = PBXProject;
			attributes = {
				LastSwiftUpdateCheck = 1010;
				LastUpgradeCheck = 1010;
				ORGANIZATIONNAME = "Tuhan Sapumanage";
				TargetAttributes = {
					E79CC504223A8761003C6313 = {
						CreatedOnToolsVersion = 10.1;
					};
				};
			};
			buildConfigurationList = E79CC500223A8761003C6313 /* Build configuration list for PBXProject "Employee Database" */;
			compatibilityVersion = "Xcode 9.3";
			developmentRegion = en;
			hasScannedForEncodings = 0;
			knownRegions = (
				en,
				Base,
			);
			mainGroup = E79CC4FC223A8761003C6313;
			productRefGroup = E79CC506223A8761003C6313 /* Products */;
			projectDirPath = "";
			projectRoot = "";
			targets = (
				E79CC504223A8761003C6313 /* Employee Database */,
			);
		};
/* End PBXProject section */

/* Begin PBXResourcesBuildPhase section */
		E79CC503223A8761003C6313 /* Resources */ = {
			isa = PBXResourcesBuildPhase;
			buildActionMask = 2147483647;
			files = (
				E79CC513223A8762003C6313 /* LaunchScreen.storyboard in Resources */,
				E79CC510223A8762003C6313 /* Assets.xcassets in Resources */,
				E79CC50E223A8761003C6313 /* Main.storyboard in Resources */,
			);
			runOnlyForDeploymentPostprocessing = 0;
		};
/* End PBXResourcesBuildPhase section */

/* Begin PBXSourcesBuildPhase section */
		E79CC501223A8761003C6313 /* Sources */ = {
			isa = PBXSourcesBuildPhase;
			buildActionMask = 2147483647;
			files = (
				E79CC50B223A8761003C6313 /* ViewController.swift in Sources */,
				E79CC51B223A87B5003C6313 /* Employee.swift in Sources */,
				E79CC509223A8761003C6313 /* AppDelegate.swift in Sources */,
			);
			runOnlyForDeploymentPostprocessing = 0;
		};
/* End PBXSourcesBuildPhase section */

/* Begin PBXVariantGroup section */
		E79CC50C223A8761003C6313 /* Main.storyboard */ = {
			isa = PBXVariantGroup;
			children = (
				E79CC50D223A8761003C6313 /* Base */,
			);
			name = Main.storyboard;
			sourceTree = "<group>";
		};
		E79CC511223A8762003C6313 /* LaunchScreen.storyboard */ = {
			isa = PBXVariantGroup;
			children = (
				E79CC512223A8762003C6313 /* Base */,
			);
			name = LaunchScreen.storyboard;
			sourceTree = "<group>";
		};
/* End PBXVariantGroup section */

/* Begin XCBuildConfiguration section */
		E79CC515223A8762003C6313 /* Debug */ = {
			isa = XCBuildConfiguration;
			buildSettings = {
				ALWAYS_SEARCH_USER_PATHS = NO;
				CLANG_ANALYZER_NONNULL = YES;
				CLANG_ANALYZER_NUMBER_OBJECT_CONVERSION = YES_AGGRESSIVE;
				CLANG_CXX_LANGUAGE_STANDARD = "gnu++14";
				CLANG_CXX_LIBRARY = "libc++";
				CLANG_ENABLE_MODULES = YES;
				CLANG_ENABLE_OBJC_ARC = YES;
				CLANG_ENABLE_OBJC_WEAK = YES;
				CLANG_WARN_BLOCK_CAPTURE_AUTORELEASING = YES;
				CLANG_WARN_BOOL_CONVERSION = YES;
				CLANG_WARN_COMMA = YES;
				CLANG_WARN_CONSTANT_CONVERSION = YES;
				CLANG_WARN_DEPRECATED_OBJC_IMPLEMENTATIONS = YES;
				CLANG_WARN_DIRECT_OBJC_ISA_USAGE = YES_ERROR;
				CLANG_WARN_DOCUMENTATION_COMMENTS = YES;
				CLANG_WARN_EMPTY_BODY = YES;
				CLANG_WARN_ENUM_CONVERSION = YES;
				CLANG_WARN_INFINITE_RECURSION = YES;
				CLANG_WARN_INT_CONVERSION = YES;
				CLANG_WARN_NON_LITERAL_NULL_CONVERSION = YES;
				CLANG_WARN_OBJC_IMPLICIT_RETAIN_SELF = YES;
				CLANG_WARN_OBJC_LITERAL_CONVERSION = YES;
				CLANG_WARN_OBJC_ROOT_CLASS = YES_ERROR;
				CLANG_WARN_RANGE_LOOP_ANALYSIS = YES;
				CLANG_WARN_STRICT_PROTOTYPES = YES;
				CLANG_WARN_SUSPICIOUS_MOVE = YES;
				CLANG_WARN_UNGUARDED_AVAILABILITY = YES_AGGRESSIVE;
				CLANG_WARN_UNREACHABLE_CODE = YES;
				CLANG_WARN__DUPLICATE_METHOD_MATCH = YES;
				CODE_SIGN_IDENTITY = "iPhone Developer";
				COPY_PHASE_STRIP = NO;
				DEBUG_INFORMATION_FORMAT = dwarf;
				ENABLE_STRICT_OBJC_MSGSEND = YES;
				ENABLE_TESTABILITY = YES;
				GCC_C_LANGUAGE_STANDARD = gnu11;
				GCC_DYNAMIC_NO_PIC = NO;
				GCC_NO_COMMON_BLOCKS = YES;
				GCC_OPTIMIZATION_LEVEL = 0;
				GCC_PREPROCESSOR_DEFINITIONS = (
					"DEBUG=1",
					"$(inherited)",
				);
				GCC_WARN_64_TO_32_BIT_CONVERSION = YES;
				GCC_WARN_ABOUT_RETURN_TYPE = YES_ERROR;
				GCC_WARN_UNDECLARED_SELECTOR = YES;
				GCC_WARN_UNINITIALIZED_AUTOS = YES_AGGRESSIVE;
				GCC_WARN_UNUSED_FUNCTION = YES;
				GCC_WARN_UNUSED_VARIABLE = YES;
				IPHONEOS_DEPLOYMENT_TARGET = 12.1;
				MTL_ENABLE_DEBUG_INFO = INCLUDE_SOURCE;
				MTL_FAST_MATH = YES;
				ONLY_ACTIVE_ARCH = YES;
				SDKROOT = iphoneos;
				SWIFT_ACTIVE_COMPILATION_CONDITIONS = DEBUG;
				SWIFT_OPTIMIZATION_LEVEL = "-Onone";
			};
			name = Debug;
		};
		E79CC516223A8762003C6313 /* Release */ = {
			isa = XCBuildConfiguration;
			buildSettings = {
				ALWAYS_SEARCH_USER_PATHS = NO;
				CLANG_ANALYZER_NONNULL = YES;
				CLANG_ANALYZER_NUMBER_OBJECT_CONVERSION = YES_AGGRESSIVE;
				CLANG_CXX_LANGUAGE_STANDARD = "gnu++14";
				CLANG_CXX_LIBRARY = "libc++";
				CLANG_ENABLE_MODULES = YES;
				CLANG_ENABLE_OBJC_ARC = YES;
				CLANG_ENABLE_OBJC_WEAK = YES;
				CLANG_WARN_BLOCK_CAPTURE_AUTORELEASING = YES;
				CLANG_WARN_BOOL_CONVERSION = YES;
				CLANG_WARN_COMMA = YES;
				CLANG_WARN_CONSTANT_CONVERSION = YES;
				CLANG_WARN_DEPRECATED_OBJC_IMPLEMENTATIONS = YES;
				CLANG_WARN_DIRECT_OBJC_ISA_USAGE = YES_ERROR;
				CLANG_WARN_DOCUMENTATION_COMMENTS = YES;
				CLANG_WARN_EMPTY_BODY = YES;
				CLANG_WARN_ENUM_CONVERSION = YES;
				CLANG_WARN_INFINITE_RECURSION = YES;
				CLANG_WARN_INT_CONVERSION = YES;
				CLANG_WARN_NON_LITERAL_NULL_CONVERSION = YES;
				CLANG_WARN_OBJC_IMPLICIT_RETAIN_SELF = YES;
				CLANG_WARN_OBJC_LITERAL_CONVERSION = YES;
				CLANG_WARN_OBJC_ROOT_CLASS = YES_ERROR;
				CLANG_WARN_RANGE_LOOP_ANALYSIS = YES;
				CLANG_WARN_STRICT_PROTOTYPES = YES;
				CLANG_WARN_SUSPICIOUS_MOVE = YES;
				CLANG_WARN_UNGUARDED_AVAILABILITY = YES_AGGRESSIVE;
				CLANG_WARN_UNREACHABLE_CODE = YES;
				CLANG_WARN__DUPLICATE_METHOD_MATCH = YES;
				CODE_SIGN_IDENTITY = "iPhone Developer";
				COPY_PHASE_STRIP = NO;
				DEBUG_INFORMATION_FORMAT = "dwarf-with-dsym";
				ENABLE_NS_ASSERTIONS = NO;
				ENABLE_STRICT_OBJC_MSGSEND = YES;
				GCC_C_LANGUAGE_STANDARD = gnu11;
				GCC_NO_COMMON_BLOCKS = YES;
				GCC_WARN_64_TO_32_BIT_CONVERSION = YES;
				GCC_WARN_ABOUT_RETURN_TYPE = YES_ERROR;
				GCC_WARN_UNDECLARED_SELECTOR = YES;
				GCC_WARN_UNINITIALIZED_AUTOS = YES_AGGRESSIVE;
				GCC_WARN_UNUSED_FUNCTION = YES;
				GCC_WARN_UNUSED_VARIABLE = YES;
				IPHONEOS_DEPLOYMENT_TARGET = 12.1;
				MTL_ENABLE_DEBUG_INFO = NO;
				MTL_FAST_MATH = YES;
				SDKROOT = iphoneos;
				SWIFT_COMPILATION_MODE = wholemodule;
				SWIFT_OPTIMIZATION_LEVEL = "-O";
				VALIDATE_PRODUCT = YES;
			};
			name = Release;
		};
		E79CC518223A8762003C6313 /* Debug */ = {
			isa = XCBuildConfiguration;
			buildSettings = {
				ASSETCATALOG_COMPILER_APPICON_NAME = AppIcon;
				CODE_SIGN_STYLE = Automatic;
				DEVELOPMENT_TEAM = H2WG484TJX;
				INFOPLIST_FILE = "Employee Database/Info.plist";
				LD_RUNPATH_SEARCH_PATHS = (
					"$(inherited)",
					"@executable_path/Frameworks",
				);
				PRODUCT_BUNDLE_IDENTIFIER = "com.tuhan.Employee-Database";
				PRODUCT_NAME = "$(TARGET_NAME)";
				SWIFT_VERSION = 4.2;
				TARGETED_DEVICE_FAMILY = "1,2";
			};
			name = Debug;
		};
		E79CC519223A8762003C6313 /* Release */ = {
			isa = XCBuildConfiguration;
			buildSettings = {
				ASSETCATALOG_COMPILER_APPICON_NAME = AppIcon;
				CODE_SIGN_STYLE = Automatic;
				DEVELOPMENT_TEAM = H2WG484TJX;
				INFOPLIST_FILE = "Employee Database/Info.plist";
				LD_RUNPATH_SEARCH_PATHS = (
					"$(inherited)",
					"@executable_path/Frameworks",
				);
				PRODUCT_BUNDLE_IDENTIFIER = "com.tuhan.Employee-Database";
				PRODUCT_NAME = "$(TARGET_NAME)";
				SWIFT_VERSION = 4.2;
				TARGETED_DEVICE_FAMILY = "1,2";
			};
			name = Release;
		};
/* End XCBuildConfiguration section */

/* Begin XCConfigurationList section */
		E79CC500223A8761003C6313 /* Build configuration list for PBXProject "Employee Database" */ = {
			isa = XCConfigurationList;
			buildConfigurations = (
				E79CC515223A8762003C6313 /* Debug */,
				E79CC516223A8762003C6313 /* Release */,
			);
			defaultConfigurationIsVisible = 0;
			defaultConfigurationName = Release;
		};
		E79CC517223A8762003C6313 /* Build configuration list for PBXNativeTarget "Employee Database" */ = {
			isa = XCConfigurationList;
			buildConfigurations = (
				E79CC518223A8762003C6313 /* Debug */,
				E79CC519223A8762003C6313 /* Release */,
			);
			defaultConfigurationIsVisible = 0;
			defaultConfigurationName = Release;
		};
/* End XCConfigurationList section */
	};
	rootObject = E79CC4FD223A8761003C6313 /* Project object */;
}
